
Microsoft Visual Studio Solution File, Format Version 12.00
# Visual Studio Version 17
VisualStudioVersion = 17.5.002.0
MinimumVisualStudioVersion = 10.0.40219.1
Project("{2150E333-8FDC-42A3-9474-1A3956D46DE8}") = "sandbox", "sandbox", "{C41FE7ED-6D1B-415B-B68C-0C62816835DB}"
EndProject
Project("{9A19103F-16F7-4668-BE54-9A1E7A4F7556}") = "sandbox_project", "sandbox\sandbox_project\sandbox_project.csproj", "{82D0F786-0DA1-47D5-9419-91C7B0D3C271}"
EndProject
Project("{2150E333-8FDC-42A3-9474-1A3956D46DE8}") = "week01", "week01", "{39509B27-3B25-4505-A737-C2AD477ECDC9}"
EndProject
Project("{9A19103F-16F7-4668-BE54-9A1E7A4F7556}") = "analyze", "week01\analyze\analyze.csproj", "{EA65AC6D-EFE7-4746-BFC0-725D82D0793A}"
EndProject
Project("{9A19103F-16F7-4668-BE54-9A1E7A4F7556}") = "code", "week01\code\code.csproj", "{78343881-E104-4BC7-A78F-3CFF9B770C5B}"
EndProject
Project("{9A19103F-16F7-4668-BE54-9A1E7A4F7556}") = "teach", "week01\teach\teach.csproj", "{D2F34010-00D6-4DC0-9699-2DFCBA1CC6B0}"
EndProject
Project("{2150E333-8FDC-42A3-9474-1A3956D46DE8}") = "week02", "week02", "{77D7E65C-74BE-4D0B-84D4-3ABB04D0DB31}"
EndProject
Project("{9A19103F-16F7-4668-BE54-9A1E7A4F7556}") = "analyze", "week02\analyze\analyze.csproj", "{4B759CCA-515A-450D-8937-253B38D2445E}"
EndProject
Project("{9A19103F-16F7-4668-BE54-9A1E7A4F7556}") = "code", "week02\code\code.csproj", "{F6DBD6FD-097E-43C9-A7F1-DD9DD6315215}"
EndProject
Project("{9A19103F-16F7-4668-BE54-9A1E7A4F7556}") = "learn", "week02\learn\learn.csproj", "{EE3CEAFC-797A-45B7-A79A-946C233670EA}"
EndProject
Project("{9A19103F-16F7-4668-BE54-9A1E7A4F7556}") = "teach", "week02\teach\teach.csproj", "{36F4CD28-6584-455F-9315-CE28ACC72ACF}"
EndProject
Project("{2150E333-8FDC-42A3-9474-1A3956D46DE8}") = "week03", "week03", "{2DDE5BAD-D7B2-4B48-87F0-724EEC54F49F}"
EndProject
Project("{9A19103F-16F7-4668-BE54-9A1E7A4F7556}") = "code", "week03\code\code.csproj", "{007DAD2A-D461-4C3B-A3F2-C5AE0A6CC3A8}"
EndProject
Project("{9A19103F-16F7-4668-BE54-9A1E7A4F7556}") = "learn", "week03\learn\learn.csproj", "{5E4FB46B-CB4E-4292-A722-B59B6DDAF25E}"
EndProject
Project("{9A19103F-16F7-4668-BE54-9A1E7A4F7556}") = "teach", "week03\teach\teach.csproj", "{8BDC407F-4F10-4B1D-9853-B7CF2775392B}"
EndProject
Project("{2150E333-8FDC-42A3-9474-1A3956D46DE8}") = "week04", "week04", "{7A511326-850F-481B-B881-953F050A4A95}"
EndProject
Project("{9A19103F-16F7-4668-BE54-9A1E7A4F7556}") = "code", "week04\code\code.csproj", "{83DF15A6-505E-4E7E-A2A2-BA16B2FB95FD}"
EndProject
Project("{2150E333-8FDC-42A3-9474-1A3956D46DE8}") = "week05", "week05", "{C628EEA1-8236-4D23-B755-F9F2D851488E}"
EndProject
Project("{9A19103F-16F7-4668-BE54-9A1E7A4F7556}") = "code", "week05\code\code.csproj", "{D68BAD45-626C-4056-9D55-89C3D0276DE3}"
EndProject
Project("{2150E333-8FDC-42A3-9474-1A3956D46DE8}") = "week06", "week06", "{B5D5ACB3-D893-4D79-9F39-F070D9C498C1}"
EndProject
Project("{9A19103F-16F7-4668-BE54-9A1E7A4F7556}") = "code", "week06\code\code.csproj", "{89BB90BE-5E56-4BCE-A99E-04482E118A1C}"
EndProject
Global
	GlobalSection(SolutionConfigurationPlatforms) = preSolution
		Debug|Any CPU = Debug|Any CPU
		Release|Any CPU = Release|Any CPU
	EndGlobalSection
	GlobalSection(ProjectConfigurationPlatforms) = postSolution
		{82D0F786-0DA1-47D5-9419-91C7B0D3C271}.Debug|Any CPU.ActiveCfg = Debug|Any CPU
		{82D0F786-0DA1-47D5-9419-91C7B0D3C271}.Debug|Any CPU.Build.0 = Debug|Any CPU
		{82D0F786-0DA1-47D5-9419-91C7B0D3C271}.Release|Any CPU.ActiveCfg = Release|Any CPU
		{82D0F786-0DA1-47D5-9419-91C7B0D3C271}.Release|Any CPU.Build.0 = Release|Any CPU
		{EA65AC6D-EFE7-4746-BFC0-725D82D0793A}.Debug|Any CPU.ActiveCfg = Debug|Any CPU
		{EA65AC6D-EFE7-4746-BFC0-725D82D0793A}.Debug|Any CPU.Build.0 = Debug|Any CPU
		{EA65AC6D-EFE7-4746-BFC0-725D82D0793A}.Release|Any CPU.ActiveCfg = Release|Any CPU
		{EA65AC6D-EFE7-4746-BFC0-725D82D0793A}.Release|Any CPU.Build.0 = Release|Any CPU
		{78343881-E104-4BC7-A78F-3CFF9B770C5B}.Debug|Any CPU.ActiveCfg = Debug|Any CPU
		{78343881-E104-4BC7-A78F-3CFF9B770C5B}.Debug|Any CPU.Build.0 = Debug|Any CPU
		{78343881-E104-4BC7-A78F-3CFF9B770C5B}.Release|Any CPU.ActiveCfg = Release|Any CPU
		{78343881-E104-4BC7-A78F-3CFF9B770C5B}.Release|Any CPU.Build.0 = Release|Any CPU
		{D2F34010-00D6-4DC0-9699-2DFCBA1CC6B0}.Debug|Any CPU.ActiveCfg = Debug|Any CPU
		{D2F34010-00D6-4DC0-9699-2DFCBA1CC6B0}.Debug|Any CPU.Build.0 = Debug|Any CPU
		{D2F34010-00D6-4DC0-9699-2DFCBA1CC6B0}.Release|Any CPU.ActiveCfg = Release|Any CPU
		{D2F34010-00D6-4DC0-9699-2DFCBA1CC6B0}.Release|Any CPU.Build.0 = Release|Any CPU
		{4B759CCA-515A-450D-8937-253B38D2445E}.Debug|Any CPU.ActiveCfg = Debug|Any CPU
		{4B759CCA-515A-450D-8937-253B38D2445E}.Debug|Any CPU.Build.0 = Debug|Any CPU
		{4B759CCA-515A-450D-8937-253B38D2445E}.Release|Any CPU.ActiveCfg = Release|Any CPU
		{4B759CCA-515A-450D-8937-253B38D2445E}.Release|Any CPU.Build.0 = Release|Any CPU
		{F6DBD6FD-097E-43C9-A7F1-DD9DD6315215}.Debug|Any CPU.ActiveCfg = Debug|Any CPU
		{F6DBD6FD-097E-43C9-A7F1-DD9DD6315215}.Debug|Any CPU.Build.0 = Debug|Any CPU
		{F6DBD6FD-097E-43C9-A7F1-DD9DD6315215}.Release|Any CPU.ActiveCfg = Release|Any CPU
		{F6DBD6FD-097E-43C9-A7F1-DD9DD6315215}.Release|Any CPU.Build.0 = Release|Any CPU
		{EE3CEAFC-797A-45B7-A79A-946C233670EA}.Debug|Any CPU.ActiveCfg = Debug|Any CPU
		{EE3CEAFC-797A-45B7-A79A-946C233670EA}.Debug|Any CPU.Build.0 = Debug|Any CPU
		{EE3CEAFC-797A-45B7-A79A-946C233670EA}.Release|Any CPU.ActiveCfg = Release|Any CPU
		{EE3CEAFC-797A-45B7-A79A-946C233670EA}.Release|Any CPU.Build.0 = Release|Any CPU
		{36F4CD28-6584-455F-9315-CE28ACC72ACF}.Debug|Any CPU.ActiveCfg = Debug|Any CPU
		{36F4CD28-6584-455F-9315-CE28ACC72ACF}.Debug|Any CPU.Build.0 = Debug|Any CPU
		{36F4CD28-6584-455F-9315-CE28ACC72ACF}.Release|Any CPU.ActiveCfg = Release|Any CPU
		{36F4CD28-6584-455F-9315-CE28ACC72ACF}.Release|Any CPU.Build.0 = Release|Any CPU
		{007DAD2A-D461-4C3B-A3F2-C5AE0A6CC3A8}.Debug|Any CPU.ActiveCfg = Debug|Any CPU
		{007DAD2A-D461-4C3B-A3F2-C5AE0A6CC3A8}.Debug|Any CPU.Build.0 = Debug|Any CPU
		{007DAD2A-D461-4C3B-A3F2-C5AE0A6CC3A8}.Release|Any CPU.ActiveCfg = Release|Any CPU
		{007DAD2A-D461-4C3B-A3F2-C5AE0A6CC3A8}.Release|Any CPU.Build.0 = Release|Any CPU
		{5E4FB46B-CB4E-4292-A722-B59B6DDAF25E}.Debug|Any CPU.ActiveCfg = Debug|Any CPU
		{5E4FB46B-CB4E-4292-A722-B59B6DDAF25E}.Debug|Any CPU.Build.0 = Debug|Any CPU
		{5E4FB46B-CB4E-4292-A722-B59B6DDAF25E}.Release|Any CPU.ActiveCfg = Release|Any CPU
		{5E4FB46B-CB4E-4292-A722-B59B6DDAF25E}.Release|Any CPU.Build.0 = Release|Any CPU
		{8BDC407F-4F10-4B1D-9853-B7CF2775392B}.Debug|Any CPU.ActiveCfg = Debug|Any CPU
		{8BDC407F-4F10-4B1D-9853-B7CF2775392B}.Debug|Any CPU.Build.0 = Debug|Any CPU
		{8BDC407F-4F10-4B1D-9853-B7CF2775392B}.Release|Any CPU.ActiveCfg = Release|Any CPU
		{8BDC407F-4F10-4B1D-9853-B7CF2775392B}.Release|Any CPU.Build.0 = Release|Any CPU
		{83DF15A6-505E-4E7E-A2A2-BA16B2FB95FD}.Debug|Any CPU.ActiveCfg = Debug|Any CPU
		{83DF15A6-505E-4E7E-A2A2-BA16B2FB95FD}.Debug|Any CPU.Build.0 = Debug|Any CPU
		{83DF15A6-505E-4E7E-A2A2-BA16B2FB95FD}.Release|Any CPU.ActiveCfg = Release|Any CPU
		{83DF15A6-505E-4E7E-A2A2-BA16B2FB95FD}.Release|Any CPU.Build.0 = Release|Any CPU
		{D68BAD45-626C-4056-9D55-89C3D0276DE3}.Debug|Any CPU.ActiveCfg = Debug|Any CPU
		{D68BAD45-626C-4056-9D55-89C3D0276DE3}.Debug|Any CPU.Build.0 = Debug|Any CPU
		{D68BAD45-626C-4056-9D55-89C3D0276DE3}.Release|Any CPU.ActiveCfg = Release|Any CPU
		{D68BAD45-626C-4056-9D55-89C3D0276DE3}.Release|Any CPU.Build.0 = Release|Any CPU
		{89BB90BE-5E56-4BCE-A99E-04482E118A1C}.Debug|Any CPU.ActiveCfg = Debug|Any CPU
		{89BB90BE-5E56-4BCE-A99E-04482E118A1C}.Debug|Any CPU.Build.0 = Debug|Any CPU
		{89BB90BE-5E56-4BCE-A99E-04482E118A1C}.Release|Any CPU.ActiveCfg = Release|Any CPU
		{89BB90BE-5E56-4BCE-A99E-04482E118A1C}.Release|Any CPU.Build.0 = Release|Any CPU
	EndGlobalSection
	GlobalSection(SolutionProperties) = preSolution
		HideSolutionNode = FALSE
	EndGlobalSection
	GlobalSection(NestedProjects) = preSolution
		{82D0F786-0DA1-47D5-9419-91C7B0D3C271} = {C41FE7ED-6D1B-415B-B68C-0C62816835DB}
		{EA65AC6D-EFE7-4746-BFC0-725D82D0793A} = {39509B27-3B25-4505-A737-C2AD477ECDC9}
		{78343881-E104-4BC7-A78F-3CFF9B770C5B} = {39509B27-3B25-4505-A737-C2AD477ECDC9}
		{D2F34010-00D6-4DC0-9699-2DFCBA1CC6B0} = {39509B27-3B25-4505-A737-C2AD477ECDC9}
		{4B759CCA-515A-450D-8937-253B38D2445E} = {77D7E65C-74BE-4D0B-84D4-3ABB04D0DB31}
		{F6DBD6FD-097E-43C9-A7F1-DD9DD6315215} = {77D7E65C-74BE-4D0B-84D4-3ABB04D0DB31}
		{EE3CEAFC-797A-45B7-A79A-946C233670EA} = {77D7E65C-74BE-4D0B-84D4-3ABB04D0DB31}
		{36F4CD28-6584-455F-9315-CE28ACC72ACF} = {77D7E65C-74BE-4D0B-84D4-3ABB04D0DB31}
		{007DAD2A-D461-4C3B-A3F2-C5AE0A6CC3A8} = {2DDE5BAD-D7B2-4B48-87F0-724EEC54F49F}
		{5E4FB46B-CB4E-4292-A722-B59B6DDAF25E} = {2DDE5BAD-D7B2-4B48-87F0-724EEC54F49F}
		{8BDC407F-4F10-4B1D-9853-B7CF2775392B} = {2DDE5BAD-D7B2-4B48-87F0-724EEC54F49F}
		{83DF15A6-505E-4E7E-A2A2-BA16B2FB95FD} = {7A511326-850F-481B-B881-953F050A4A95}
		{D68BAD45-626C-4056-9D55-89C3D0276DE3} = {C628EEA1-8236-4D23-B755-F9F2D851488E}
		{89BB90BE-5E56-4BCE-A99E-04482E118A1C} = {B5D5ACB3-D893-4D79-9F39-F070D9C498C1}
	EndGlobalSection
	GlobalSection(ExtensibilityGlobals) = postSolution
		SolutionGuid = {91CBF9A1-1C4C-4157-8576-B0CE572D0EC1}
	EndGlobalSection
EndGlobal
